
Microsoft Visual Studio Solution File, Format Version 12.00
# Visual Studio 15
VisualStudioVersion = 15.0.26730.12
MinimumVisualStudioVersion = 10.0.40219.1
Project("{9A19103F-16F7-4668-BE54-9A1E7A4F7556}") = "ASP.NET Core 2.1.4 - Full Framework", "ASP.NET Core 2.1.4 - Full Framework\ASP.NET Core 2.1.4 - Full Framework.csproj", "{F57E0C47-BEDF-45D7-902A-FBCA7DA56EFC}"
EndProject
Global
	GlobalSection(SolutionConfigurationPlatforms) = preSolution
		Debug|Any CPU = Debug|Any CPU
		Release|Any CPU = Release|Any CPU
	EndGlobalSection
	GlobalSection(ProjectConfigurationPlatforms) = postSolution
		{F57E0C47-BEDF-45D7-902A-FBCA7DA56EFC}.Debug|Any CPU.ActiveCfg = Debug|Any CPU
		{F57E0C47-BEDF-45D7-902A-FBCA7DA56EFC}.Debug|Any CPU.Build.0 = Debug|Any CPU
		{F57E0C47-BEDF-45D7-902A-FBCA7DA56EFC}.Release|Any CPU.ActiveCfg = Release|Any CPU
		{F57E0C47-BEDF-45D7-902A-FBCA7DA56EFC}.Release|Any CPU.Build.0 = Release|Any CPU
	EndGlobalSection
	GlobalSection(SolutionProperties) = preSolution
		HideSolutionNode = FALSE
	EndGlobalSection
	GlobalSection(ExtensibilityGlobals) = postSolution
		SolutionGuid = {9E42F886-F439-405F-87D5-8FE5806DAAFA}
	EndGlobalSection
EndGlobal
