
Microsoft Visual Studio Solution File, Format Version 12.00
# Visual Studio 15
VisualStudioVersion = 15.0.26730.12
MinimumVisualStudioVersion = 10.0.40219.1
Project("{9A19103F-16F7-4668-BE54-9A1E7A4F7556}") = "ASP.NET Core 2.1 - NET Core", "ASP.NET Core 2.1 - NET Core\ASP.NET Core 2.1 - NET Core.csproj", "{9226BE06-C198-459E-958F-D5A65302C281}"
EndProject
Global
	GlobalSection(SolutionConfigurationPlatforms) = preSolution
		Debug|Any CPU = Debug|Any CPU
		Release|Any CPU = Release|Any CPU
	EndGlobalSection
	GlobalSection(ProjectConfigurationPlatforms) = postSolution
		{9226BE06-C198-459E-958F-D5A65302C281}.Debug|Any CPU.ActiveCfg = Debug|Any CPU
		{9226BE06-C198-459E-958F-D5A65302C281}.Debug|Any CPU.Build.0 = Debug|Any CPU
		{9226BE06-C198-459E-958F-D5A65302C281}.Release|Any CPU.ActiveCfg = Release|Any CPU
		{9226BE06-C198-459E-958F-D5A65302C281}.Release|Any CPU.Build.0 = Release|Any CPU
	EndGlobalSection
	GlobalSection(SolutionProperties) = preSolution
		HideSolutionNode = FALSE
	EndGlobalSection
	GlobalSection(ExtensibilityGlobals) = postSolution
		SolutionGuid = {11A2A55C-1DB3-4C22-98A2-8E4E70D2E82C}
	EndGlobalSection
EndGlobal
